
Microsoft Visual Studio Solution File, Format Version 12.00
# Visual Studio 15
VisualStudioVersion = 15.0.26430.16
MinimumVisualStudioVersion = 10.0.40219.1
Project("{FAE04EC0-301F-11D3-BF4B-00C04F79EFBC}") = "log4net.DingtalkAppender", "log4net.DingtalkAppender\log4net.DingtalkAppender.csproj", "{06790ACB-E6F2-49E3-A8FD-DBC75B914A1B}"
EndProject
Project("{FAE04EC0-301F-11D3-BF4B-00C04F79EFBC}") = "log4net.DingtalkAppender.Net45", "log4net.DingtalkAppender.Net45\log4net.DingtalkAppender.Net45.csproj", "{01B501AD-3ACC-45C3-9EE6-BC2F38F1229E}"
EndProject
Project("{FAE04EC0-301F-11D3-BF4B-00C04F79EFBC}") = "log4net.DingtalkAppender.Net46", "log4net.DingtalkAppender.Net46\log4net.DingtalkAppender.Net46.csproj", "{CFDED8B3-FE5A-43C5-A1CA-D708CA91359D}"
EndProject
Project("{FAE04EC0-301F-11D3-BF4B-00C04F79EFBC}") = "log4net.DingtalkAppender.Net47", "log4net.DingtalkAppender.Net47\log4net.DingtalkAppender.Net47.csproj", "{6AE94B6E-6A47-420A-B0E8-80C99A18D9D9}"
EndProject
Global
	GlobalSection(SolutionConfigurationPlatforms) = preSolution
		Debug|Any CPU = Debug|Any CPU
		Release|Any CPU = Release|Any CPU
	EndGlobalSection
	GlobalSection(ProjectConfigurationPlatforms) = postSolution
		{06790ACB-E6F2-49E3-A8FD-DBC75B914A1B}.Debug|Any CPU.ActiveCfg = Debug|Any CPU
		{06790ACB-E6F2-49E3-A8FD-DBC75B914A1B}.Debug|Any CPU.Build.0 = Debug|Any CPU
		{06790ACB-E6F2-49E3-A8FD-DBC75B914A1B}.Release|Any CPU.ActiveCfg = Release|Any CPU
		{06790ACB-E6F2-49E3-A8FD-DBC75B914A1B}.Release|Any CPU.Build.0 = Release|Any CPU
		{01B501AD-3ACC-45C3-9EE6-BC2F38F1229E}.Debug|Any CPU.ActiveCfg = Debug|Any CPU
		{01B501AD-3ACC-45C3-9EE6-BC2F38F1229E}.Debug|Any CPU.Build.0 = Debug|Any CPU
		{01B501AD-3ACC-45C3-9EE6-BC2F38F1229E}.Release|Any CPU.ActiveCfg = Release|Any CPU
		{01B501AD-3ACC-45C3-9EE6-BC2F38F1229E}.Release|Any CPU.Build.0 = Release|Any CPU
		{CFDED8B3-FE5A-43C5-A1CA-D708CA91359D}.Debug|Any CPU.ActiveCfg = Debug|Any CPU
		{CFDED8B3-FE5A-43C5-A1CA-D708CA91359D}.Debug|Any CPU.Build.0 = Debug|Any CPU
		{CFDED8B3-FE5A-43C5-A1CA-D708CA91359D}.Release|Any CPU.ActiveCfg = Release|Any CPU
		{CFDED8B3-FE5A-43C5-A1CA-D708CA91359D}.Release|Any CPU.Build.0 = Release|Any CPU
		{6AE94B6E-6A47-420A-B0E8-80C99A18D9D9}.Debug|Any CPU.ActiveCfg = Debug|Any CPU
		{6AE94B6E-6A47-420A-B0E8-80C99A18D9D9}.Debug|Any CPU.Build.0 = Debug|Any CPU
		{6AE94B6E-6A47-420A-B0E8-80C99A18D9D9}.Release|Any CPU.ActiveCfg = Release|Any CPU
		{6AE94B6E-6A47-420A-B0E8-80C99A18D9D9}.Release|Any CPU.Build.0 = Release|Any CPU
	EndGlobalSection
	GlobalSection(SolutionProperties) = preSolution
		HideSolutionNode = FALSE
	EndGlobalSection
	GlobalSection(ExtensibilityGlobals) = postSolution
		SolutionGuid = {380EAF8B-ADAB-45CF-A7CE-99A67868F152}
	EndGlobalSection
EndGlobal
