
Microsoft Visual Studio Solution File, Format Version 12.00
# Visual Studio Version 17
VisualStudioVersion = 17.3.32901.215
MinimumVisualStudioVersion = 10.0.40219.1
Project("{FAE04EC0-301F-11D3-BF4B-00C04F79EFBC}") = "log4net.DingtalkAppender", "log4net.DingtalkAppender\log4net.DingtalkAppender.csproj", "{F79C7947-CF2E-4705-82F6-CFD35591F396}"
EndProject
Project("{FAE04EC0-301F-11D3-BF4B-00C04F79EFBC}") = "log4net.DingtalkAppender.WinForms", "log4net.DingtalkAppender.WinForms\log4net.DingtalkAppender.WinForms.csproj", "{D2ACBA1F-5047-475F-9866-F415AB9D7F59}"
EndProject
Global
	GlobalSection(SolutionConfigurationPlatforms) = preSolution
		Debug|Any CPU = Debug|Any CPU
		Release|Any CPU = Release|Any CPU
	EndGlobalSection
	GlobalSection(ProjectConfigurationPlatforms) = postSolution
		{F79C7947-CF2E-4705-82F6-CFD35591F396}.Debug|Any CPU.ActiveCfg = Debug|Any CPU
		{F79C7947-CF2E-4705-82F6-CFD35591F396}.Debug|Any CPU.Build.0 = Debug|Any CPU
		{F79C7947-CF2E-4705-82F6-CFD35591F396}.Release|Any CPU.ActiveCfg = Release|Any CPU
		{F79C7947-CF2E-4705-82F6-CFD35591F396}.Release|Any CPU.Build.0 = Release|Any CPU
		{D2ACBA1F-5047-475F-9866-F415AB9D7F59}.Debug|Any CPU.ActiveCfg = Debug|Any CPU
		{D2ACBA1F-5047-475F-9866-F415AB9D7F59}.Debug|Any CPU.Build.0 = Debug|Any CPU
		{D2ACBA1F-5047-475F-9866-F415AB9D7F59}.Release|Any CPU.ActiveCfg = Release|Any CPU
		{D2ACBA1F-5047-475F-9866-F415AB9D7F59}.Release|Any CPU.Build.0 = Release|Any CPU
	EndGlobalSection
	GlobalSection(SolutionProperties) = preSolution
		HideSolutionNode = FALSE
	EndGlobalSection
	GlobalSection(ExtensibilityGlobals) = postSolution
		SolutionGuid = {380EAF8B-ADAB-45CF-A7CE-99A67868F152}
	EndGlobalSection
EndGlobal
